// !$*UTF8*$!
{
	archiveVersion = 1;
	classes = {
	};
	objectVersion = 77;
	objects = {

/* Begin PBXContainerItemProxy section */
		9450947B2FAD97B40085ACCB /* PBXContainerItemProxy */ = {
			isa = PBXContainerItemProxy;
			containerPortal = 945094642FAD97B20085ACCB /* Project object */;
			proxyType = 1;
			remoteGlobalIDString = 9450946B2FAD97B20085ACCB;
			remoteInfo = "Toru CLI";
		};
		945094852FAD97B40085ACCB /* PBXContainerItemProxy */ = {
			isa = PBXContainerItemProxy;
			containerPortal = 945094642FAD97B20085ACCB /* Project object */;
			proxyType = 1;
			remoteGlobalIDString = 9450946B2FAD97B20085ACCB;
			remoteInfo = "Toru CLI";
		};
/* End PBXContainerItemProxy section */

/* Begin PBXFileReference section */
		9450946C2FAD97B20085ACCB /* Toru CLI.app */ = {isa = PBXFileReference; explicitFileType = wrapper.application; includeInIndex = 0; path = "Toru CLI.app"; sourceTree = BUILT_PRODUCTS_DIR; };
		9450947A2FAD97B40085ACCB /* Toru CLITests.xctest */ = {isa = PBXFileReference; explicitFileType = wrapper.cfbundle; includeInIndex = 0; path = "Toru CLITests.xctest"; sourceTree = BUILT_PRODUCTS_DIR; };
		945094842FAD97B40085ACCB /* Toru CLIUITests.xctest */ = {isa = PBXFileReference; explicitFileType = wrapper.cfbundle; includeInIndex = 0; path = "Toru CLIUITests.xctest"; sourceTree = BUILT_PRODUCTS_DIR; };
/* End PBXFileReference section */

/* Begin PBXFileSystemSynchronizedRootGroup section */
		9450946E2FAD97B20085ACCB /* Toru CLI */ = {
			isa = PBXFileSystemSynchronizedRootGroup;
			path = "Toru CLI";
			sourceTree = "<group>";
		};
		9450947D2FAD97B40085ACCB /* Toru CLITests */ = {
			isa = PBXFileSystemSynchronizedRootGroup;
			path = "Toru CLITests";
			sourceTree = "<group>";
		};
		945094872FAD97B40085ACCB /* Toru CLIUITests */ = {
			isa = PBXFileSystemSynchronizedRootGroup;
			path = "Toru CLIUITests";
			sourceTree = "<group>";
		};
/* End PBXFileSystemSynchronizedRootGroup section */

/* Begin PBXFrameworksBuildPhase section */
		945094692FAD97B20085ACCB /* Frameworks */ = {
			isa = PBXFrameworksBuildPhase;
			buildActionMask = 2147483647;
			files = (
			);
			runOnlyForDeploymentPostprocessing = 0;
		};
		945094772FAD97B40085ACCB /* Frameworks */ = {
			isa = PBXFrameworksBuildPhase;
			buildActionMask = 2147483647;
			files = (
			);
			runOnlyForDeploymentPostprocessing = 0;
		};
		945094812FAD97B40085ACCB /* Frameworks */ = {
			isa = PBXFrameworksBuildPhase;
			buildActionMask = 2147483647;
			files = (
			);
			runOnlyForDeploymentPostprocessing = 0;
		};
/* End PBXFrameworksBuildPhase section */

/* Begin PBXGroup section */
		945094632FAD97B20085ACCB = {
			isa = PBXGroup;
			children = (
				9450946E2FAD97B20085ACCB /* Toru CLI */,
				9450947D2FAD97B40085ACCB /* Toru CLITests */,
				945094872FAD97B40085ACCB /* Toru CLIUITests */,
				9450946D2FAD97B20085ACCB /* Products */,
			);
			sourceTree = "<group>";
		};
		9450946D2FAD97B20085ACCB /* Products */ = {
			isa = PBXGroup;
			children = (
				9450946C2FAD97B20085ACCB /* Toru CLI.app */,
				9450947A2FAD97B40085ACCB /* Toru CLITests.xctest */,
				945094842FAD97B40085ACCB /* Toru CLIUITests.xctest */,
			);
			name = Products;
			sourceTree = "<group>";
		};
/* End PBXGroup section */

/* Begin PBXNativeTarget section */
		9450946B2FAD97B20085ACCB /* Toru CLI */ = {
			isa = PBXNativeTarget;
			buildConfigurationList = 9450948E2FAD97B40085ACCB /* Build configuration list for PBXNativeTarget "Toru CLI" */;
			buildPhases = (
				945094682FAD97B20085ACCB /* Sources */,
				945094692FAD97B20085ACCB /* Frameworks */,
				9450946A2FAD97B20085ACCB /* Resources */,
			);
			buildRules = (
			);
			dependencies = (
			);
			fileSystemSynchronizedGroups = (
				9450946E2FAD97B20085ACCB /* Toru CLI */,
			);
			name = "Toru CLI";
			packageProductDependencies = (
			);
			productName = "Toru CLI";
			productReference = 9450946C2FAD97B20085ACCB /* Toru CLI.app */;
			productType = "com.apple.product-type.application";
		};
		945094792FAD97B40085ACCB /* Toru CLITests */ = {
			isa = PBXNativeTarget;
			buildConfigurationList = 945094912FAD97B40085ACCB /* Build configuration list for PBXNativeTarget "Toru CLITests" */;
			buildPhases = (
				945094762FAD97B40085ACCB /* Sources */,
				945094772FAD97B40085ACCB /* Frameworks */,
				945094782FAD97B40085ACCB /* Resources */,
			);
			buildRules = (
			);
			dependencies = (
				9450947C2FAD97B40085ACCB /* PBXTargetDependency */,
			);
			fileSystemSynchronizedGroups = (
				9450947D2FAD97B40085ACCB /* Toru CLITests */,
			);
			name = "Toru CLITests";
			packageProductDependencies = (
			);
			productName = "Toru CLITests";
			productReference = 9450947A2FAD97B40085ACCB /* Toru CLITests.xctest */;
			productType = "com.apple.product-type.bundle.unit-test";
		};
		945094832FAD97B40085ACCB /* Toru CLIUITests */ = {
			isa = PBXNativeTarget;
			buildConfigurationList = 945094942FAD97B40085ACCB /* Build configuration list for PBXNativeTarget "Toru CLIUITests" */;
			buildPhases = (
				945094802FAD97B40085ACCB /* Sources */,
				945094812FAD97B40085ACCB /* Frameworks */,
				945094822FAD97B40085ACCB /* Resources */,
			);
			buildRules = (
			);
			dependencies = (
				945094862FAD97B40085ACCB /* PBXTargetDependency */,
			);
			fileSystemSynchronizedGroups = (
				945094872FAD97B40085ACCB /* Toru CLIUITests */,
			);
			name = "Toru CLIUITests";
			packageProductDependencies = (
			);
			productName = "Toru CLIUITests";
			productReference = 945094842FAD97B40085ACCB /* Toru CLIUITests.xctest */;
			productType = "com.apple.product-type.bundle.ui-testing";
		};
/* End PBXNativeTarget section */

/* Begin PBXProject section */
		945094642FAD97B20085ACCB /* Project object */ = {
			isa = PBXProject;
			attributes = {
				BuildIndependentTargetsInParallel = 1;
				LastSwiftUpdateCheck = 1640;
				LastUpgradeCheck = 1640;
				TargetAttributes = {
					9450946B2FAD97B20085ACCB = {
						CreatedOnToolsVersion = 16.4;
					};
					945094792FAD97B40085ACCB = {
						CreatedOnToolsVersion = 16.4;
						TestTargetID = 9450946B2FAD97B20085ACCB;
					};
					945094832FAD97B40085ACCB = {
						CreatedOnToolsVersion = 16.4;
						TestTargetID = 9450946B2FAD97B20085ACCB;
					};
				};
			};
			buildConfigurationList = 945094672FAD97B20085ACCB /* Build configuration list for PBXProject "Toru CLI" */;
			developmentRegion = en;
			hasScannedForEncodings = 0;
			knownRegions = (
				en,
				Base,
			);
			mainGroup = 945094632FAD97B20085ACCB;
			minimizedProjectReferenceProxies = 1;
			preferredProjectObjectVersion = 77;
			productRefGroup = 9450946D2FAD97B20085ACCB /* Products */;
			projectDirPath = "";
			projectRoot = "";
			targets = (
				9450946B2FAD97B20085ACCB /* Toru CLI */,
				945094792FAD97B40085ACCB /* Toru CLITests */,
				945094832FAD97B40085ACCB /* Toru CLIUITests */,
			);
		};
/* End PBXProject section */

/* Begin PBXResourcesBuildPhase section */
		9450946A2FAD97B20085ACCB /* Resources */ = {
			isa = PBXResourcesBuildPhase;
			buildActionMask = 2147483647;
			files = (
			);
			runOnlyForDeploymentPostprocessing = 0;
		};
		945094782FAD97B40085ACCB /* Resources */ = {
			isa = PBXResourcesBuildPhase;
			buildActionMask = 2147483647;
			files = (
			);
			runOnlyForDeploymentPostprocessing = 0;
		};
		945094822FAD97B40085ACCB /* Resources */ = {
			isa = PBXResourcesBuildPhase;
			buildActionMask = 2147483647;
			files = (
			);
			runOnlyForDeploymentPostprocessing = 0;
		};
/* End PBXResourcesBuildPhase section */

/* Begin PBXSourcesBuildPhase section */
		945094682FAD97B20085ACCB /* Sources */ = {
			isa = PBXSourcesBuildPhase;
			buildActionMask = 2147483647;
			files = (
			);
			runOnlyForDeploymentPostprocessing = 0;
		};
		945094762FAD97B40085ACCB /* Sources */ = {
			isa = PBXSourcesBuildPhase;
			buildActionMask = 2147483647;
			files = (
			);
			runOnlyForDeploymentPostprocessing = 0;
		};
		945094802FAD97B40085ACCB /* Sources */ = {
			isa = PBXSourcesBuildPhase;
			buildActionMask = 2147483647;
			files = (
			);
			runOnlyForDeploymentPostprocessing = 0;
		};
/* End PBXSourcesBuildPhase section */

/* Begin PBXTargetDependency section */
		9450947C2FAD97B40085ACCB /* PBXTargetDependency */ = {
			isa = PBXTargetDependency;
			target = 9450946B2FAD97B20085ACCB /* Toru CLI */;
			targetProxy = 9450947B2FAD97B40085ACCB /* PBXContainerItemProxy */;
		};
		945094862FAD97B40085ACCB /* PBXTargetDependency */ = {
			isa = PBXTargetDependency;
			target = 9450946B2FAD97B20085ACCB /* Toru CLI */;
			targetProxy = 945094852FAD97B40085ACCB /* PBXContainerItemProxy */;
		};
/* End PBXTargetDependency section */

/* Begin XCBuildConfiguration section */
		9450948C2FAD97B40085ACCB /* Debug */ = {
			isa = XCBuildConfiguration;
			buildSettings = {
				ALWAYS_SEARCH_USER_PATHS = NO;
				ASSETCATALOG_COMPILER_GENERATE_SWIFT_ASSET_SYMBOL_EXTENSIONS = YES;
				CLANG_ANALYZER_NONNULL = YES;
				CLANG_ANALYZER_NUMBER_OBJECT_CONVERSION = YES_AGGRESSIVE;
				CLANG_CXX_LANGUAGE_STANDARD = "gnu++20";
				CLANG_ENABLE_MODULES = YES;
				CLANG_ENABLE_OBJC_ARC = YES;
				CLANG_ENABLE_OBJC_WEAK = YES;
				CLANG_WARN_BLOCK_CAPTURE_AUTORELEASING = YES;
				CLANG_WARN_BOOL_CONVERSION = YES;
				CLANG_WARN_COMMA = YES;
				CLANG_WARN_CONSTANT_CONVERSION = YES;
				CLANG_WARN_DEPRECATED_OBJC_IMPLEMENTATIONS = YES;
				CLANG_WARN_DIRECT_OBJC_ISA_USAGE = YES_ERROR;
				CLANG_WARN_DOCUMENTATION_COMMENTS = YES;
				CLANG_WARN_EMPTY_BODY = YES;
				CLANG_WARN_ENUM_CONVERSION = YES;
				CLANG_WARN_INFINITE_RECURSION = YES;
				CLANG_WARN_INT_CONVERSION = YES;
				CLANG_WARN_NON_LITERAL_NULL_CONVERSION = YES;
				CLANG_WARN_OBJC_IMPLICIT_RETAIN_SELF = YES;
				CLANG_WARN_OBJC_LITERAL_CONVERSION = YES;
				CLANG_WARN_OBJC_ROOT_CLASS = YES_ERROR;
				CLANG_WARN_QUOTED_INCLUDE_IN_FRAMEWORK_HEADER = YES;
				CLANG_WARN_RANGE_LOOP_ANALYSIS = YES;
				CLANG_WARN_STRICT_PROTOTYPES = YES;
				CLANG_WARN_SUSPICIOUS_MOVE = YES;
				CLANG_WARN_UNGUARDED_AVAILABILITY = YES_AGGRESSIVE;
				CLANG_WARN_UNREACHABLE_CODE = YES;
				CLANG_WARN__DUPLICATE_METHOD_MATCH = YES;
				COPY_PHASE_STRIP = NO;
				DEBUG_INFORMATION_FORMAT = dwarf;
				DEVELOPMENT_TEAM = L9J2W57QJ5;
				ENABLE_STRICT_OBJC_MSGSEND = YES;
				ENABLE_TESTABILITY = YES;
				ENABLE_USER_SCRIPT_SANDBOXING = YES;
				GCC_C_LANGUAGE_STANDARD = gnu17;
				GCC_DYNAMIC_NO_PIC = NO;
				GCC_NO_COMMON_BLOCKS = YES;
				GCC_OPTIMIZATION_LEVEL = 0;
				GCC_PREPROCESSOR_DEFINITIONS = (
					"DEBUG=1",
					"$(inherited)",
				);
				GCC_WARN_64_TO_32_BIT_CONVERSION = YES;
				GCC_WARN_ABOUT_RETURN_TYPE = YES_ERROR;
				GCC_WARN_UNDECLARED_SELECTOR = YES;
				GCC_WARN_UNINITIALIZED_AUTOS = YES_AGGRESSIVE;
				GCC_WARN_UNUSED_FUNCTION = YES;
				GCC_WARN_UNUSED_VARIABLE = YES;
				LOCALIZATION_PREFERS_STRING_CATALOGS = YES;
				MACOSX_DEPLOYMENT_TARGET = 15.5;
				MTL_ENABLE_DEBUG_INFO = INCLUDE_SOURCE;
				MTL_FAST_MATH = YES;
				ONLY_ACTIVE_ARCH = YES;
				SDKROOT = macosx;
				SWIFT_ACTIVE_COMPILATION_CONDITIONS = "DEBUG $(inherited)";
				SWIFT_OPTIMIZATION_LEVEL = "-Onone";
			};
			name = Debug;
		};
		9450948D2FAD97B40085ACCB /* Release */ = {
			isa = XCBuildConfiguration;
			buildSettings = {
				ALWAYS_SEARCH_USER_PATHS = NO;
				ASSETCATALOG_COMPILER_GENERATE_SWIFT_ASSET_SYMBOL_EXTENSIONS = YES;
				CLANG_ANALYZER_NONNULL = YES;
				CLANG_ANALYZER_NUMBER_OBJECT_CONVERSION = YES_AGGRESSIVE;
				CLANG_CXX_LANGUAGE_STANDARD = "gnu++20";
				CLANG_ENABLE_MODULES = YES;
				CLANG_ENABLE_OBJC_ARC = YES;
				CLANG_ENABLE_OBJC_WEAK = YES;
				CLANG_WARN_BLOCK_CAPTURE_AUTORELEASING = YES;
				CLANG_WARN_BOOL_CONVERSION = YES;
				CLANG_WARN_COMMA = YES;
				CLANG_WARN_CONSTANT_CONVERSION = YES;
				CLANG_WARN_DEPRECATED_OBJC_IMPLEMENTATIONS = YES;
				CLANG_WARN_DIRECT_OBJC_ISA_USAGE = YES_ERROR;
				CLANG_WARN_DOCUMENTATION_COMMENTS = YES;
				CLANG_WARN_EMPTY_BODY = YES;
				CLANG_WARN_ENUM_CONVERSION = YES;
				CLANG_WARN_INFINITE_RECURSION = YES;
				CLANG_WARN_INT_CONVERSION = YES;
				CLANG_WARN_NON_LITERAL_NULL_CONVERSION = YES;
				CLANG_WARN_OBJC_IMPLICIT_RETAIN_SELF = YES;
				CLANG_WARN_OBJC_LITERAL_CONVERSION = YES;
				CLANG_WARN_OBJC_ROOT_CLASS = YES_ERROR;
				CLANG_WARN_QUOTED_INCLUDE_IN_FRAMEWORK_HEADER = YES;
				CLANG_WARN_RANGE_LOOP_ANALYSIS = YES;
				CLANG_WARN_STRICT_PROTOTYPES = YES;
				CLANG_WARN_SUSPICIOUS_MOVE = YES;
				CLANG_WARN_UNGUARDED_AVAILABILITY = YES_AGGRESSIVE;
				CLANG_WARN_UNREACHABLE_CODE = YES;
				CLANG_WARN__DUPLICATE_METHOD_MATCH = YES;
				COPY_PHASE_STRIP = NO;
				DEBUG_INFORMATION_FORMAT = "dwarf-with-dsym";
				DEVELOPMENT_TEAM = L9J2W57QJ5;
				ENABLE_NS_ASSERTIONS = NO;
				ENABLE_STRICT_OBJC_MSGSEND = YES;
				ENABLE_USER_SCRIPT_SANDBOXING = YES;
				GCC_C_LANGUAGE_STANDARD = gnu17;
				GCC_NO_COMMON_BLOCKS = YES;
				GCC_WARN_64_TO_32_BIT_CONVERSION = YES;
				GCC_WARN_ABOUT_RETURN_TYPE = YES_ERROR;
				GCC_WARN_UNDECLARED_SELECTOR = YES;
				GCC_WARN_UNINITIALIZED_AUTOS = YES_AGGRESSIVE;
				GCC_WARN_UNUSED_FUNCTION = YES;
				GCC_WARN_UNUSED_VARIABLE = YES;
				LOCALIZATION_PREFERS_STRING_CATALOGS = YES;
				MACOSX_DEPLOYMENT_TARGET = 15.5;
				MTL_ENABLE_DEBUG_INFO = NO;
				MTL_FAST_MATH = YES;
				SDKROOT = macosx;
				SWIFT_COMPILATION_MODE = wholemodule;
			};
			name = Release;
		};
		9450948F2FAD97B40085ACCB /* Debug */ = {
			isa = XCBuildConfiguration;
			buildSettings = {
				ASSETCATALOG_COMPILER_APPICON_NAME = AppIcon;
				ASSETCATALOG_COMPILER_GLOBAL_ACCENT_COLOR_NAME = AccentColor;
				CODE_SIGN_ENTITLEMENTS = "Toru CLI/Toru_CLI.entitlements";
				CODE_SIGN_STYLE = Automatic;
				COMBINE_HIDPI_IMAGES = YES;
				CURRENT_PROJECT_VERSION = 1;
				DEVELOPMENT_TEAM = L9J2W57QJ5;
				ENABLE_HARDENED_RUNTIME = YES;
				ENABLE_PREVIEWS = YES;
				GENERATE_INFOPLIST_FILE = YES;
				INFOPLIST_KEY_NSHumanReadableCopyright = "";
				LD_RUNPATH_SEARCH_PATHS = (
					"$(inherited)",
					"@executable_path/../Frameworks",
				);
				MARKETING_VERSION = 1.0;
				PRODUCT_BUNDLE_IDENTIFIER = "com.torucli.Toru-CLI";
				PRODUCT_NAME = "$(TARGET_NAME)";
				REGISTER_APP_GROUPS = YES;
				SWIFT_EMIT_LOC_STRINGS = YES;
				SWIFT_VERSION = 5.0;
			};
			name = Debug;
		};
		945094902FAD97B40085ACCB /* Release */ = {
			isa = XCBuildConfiguration;
			buildSettings = {
				ASSETCATALOG_COMPILER_APPICON_NAME = AppIcon;
				ASSETCATALOG_COMPILER_GLOBAL_ACCENT_COLOR_NAME = AccentColor;
				CODE_SIGN_ENTITLEMENTS = "Toru CLI/Toru_CLI.entitlements";
				CODE_SIGN_STYLE = Automatic;
				COMBINE_HIDPI_IMAGES = YES;
				CURRENT_PROJECT_VERSION = 1;
				DEVELOPMENT_TEAM = L9J2W57QJ5;
				ENABLE_HARDENED_RUNTIME = YES;
				ENABLE_PREVIEWS = YES;
				GENERATE_INFOPLIST_FILE = YES;
				INFOPLIST_KEY_NSHumanReadableCopyright = "";
				LD_RUNPATH_SEARCH_PATHS = (
					"$(inherited)",
					"@executable_path/../Frameworks",
				);
				MARKETING_VERSION = 1.0;
				PRODUCT_BUNDLE_IDENTIFIER = "com.torucli.Toru-CLI";
				PRODUCT_NAME = "$(TARGET_NAME)";
				REGISTER_APP_GROUPS = YES;
				SWIFT_EMIT_LOC_STRINGS = YES;
				SWIFT_VERSION = 5.0;
			};
			name = Release;
		};
		945094922FAD97B40085ACCB /* Debug */ = {
			isa = XCBuildConfiguration;
			buildSettings = {
				BUNDLE_LOADER = "$(TEST_HOST)";
				CODE_SIGN_STYLE = Automatic;
				CURRENT_PROJECT_VERSION = 1;
				DEVELOPMENT_TEAM = L9J2W57QJ5;
				GENERATE_INFOPLIST_FILE = YES;
				MACOSX_DEPLOYMENT_TARGET = 15.5;
				MARKETING_VERSION = 1.0;
				PRODUCT_BUNDLE_IDENTIFIER = "com.torucli.Toru-CLITests";
				PRODUCT_NAME = "$(TARGET_NAME)";
				SWIFT_EMIT_LOC_STRINGS = NO;
				SWIFT_VERSION = 5.0;
				TEST_HOST = "$(BUILT_PRODUCTS_DIR)/Toru CLI.app/$(BUNDLE_EXECUTABLE_FOLDER_PATH)/Toru CLI";
			};
			name = Debug;
		};
		945094932FAD97B40085ACCB /* Release */ = {
			isa = XCBuildConfiguration;
			buildSettings = {
				BUNDLE_LOADER = "$(TEST_HOST)";
				CODE_SIGN_STYLE = Automatic;
				CURRENT_PROJECT_VERSION = 1;
				DEVELOPMENT_TEAM = L9J2W57QJ5;
				GENERATE_INFOPLIST_FILE = YES;
				MACOSX_DEPLOYMENT_TARGET = 15.5;
				MARKETING_VERSION = 1.0;
				PRODUCT_BUNDLE_IDENTIFIER = "com.torucli.Toru-CLITests";
				PRODUCT_NAME = "$(TARGET_NAME)";
				SWIFT_EMIT_LOC_STRINGS = NO;
				SWIFT_VERSION = 5.0;
				TEST_HOST = "$(BUILT_PRODUCTS_DIR)/Toru CLI.app/$(BUNDLE_EXECUTABLE_FOLDER_PATH)/Toru CLI";
			};
			name = Release;
		};
		945094952FAD97B40085ACCB /* Debug */ = {
			isa = XCBuildConfiguration;
			buildSettings = {
				CODE_SIGN_STYLE = Automatic;
				CURRENT_PROJECT_VERSION = 1;
				DEVELOPMENT_TEAM = L9J2W57QJ5;
				GENERATE_INFOPLIST_FILE = YES;
				MARKETING_VERSION = 1.0;
				PRODUCT_BUNDLE_IDENTIFIER = "com.torucli.Toru-CLIUITests";
				PRODUCT_NAME = "$(TARGET_NAME)";
				SWIFT_EMIT_LOC_STRINGS = NO;
				SWIFT_VERSION = 5.0;
				TEST_TARGET_NAME = "Toru CLI";
			};
			name = Debug;
		};
		945094962FAD97B40085ACCB /* Release */ = {
			isa = XCBuildConfiguration;
			buildSettings = {
				CODE_SIGN_STYLE = Automatic;
				CURRENT_PROJECT_VERSION = 1;
				DEVELOPMENT_TEAM = L9J2W57QJ5;
				GENERATE_INFOPLIST_FILE = YES;
				MARKETING_VERSION = 1.0;
				PRODUCT_BUNDLE_IDENTIFIER = "com.torucli.Toru-CLIUITests";
				PRODUCT_NAME = "$(TARGET_NAME)";
				SWIFT_EMIT_LOC_STRINGS = NO;
				SWIFT_VERSION = 5.0;
				TEST_TARGET_NAME = "Toru CLI";
			};
			name = Release;
		};
/* End XCBuildConfiguration section */

/* Begin XCConfigurationList section */
		945094672FAD97B20085ACCB /* Build configuration list for PBXProject "Toru CLI" */ = {
			isa = XCConfigurationList;
			buildConfigurations = (
				9450948C2FAD97B40085ACCB /* Debug */,
				9450948D2FAD97B40085ACCB /* Release */,
			);
			defaultConfigurationIsVisible = 0;
			defaultConfigurationName = Release;
		};
		9450948E2FAD97B40085ACCB /* Build configuration list for PBXNativeTarget "Toru CLI" */ = {
			isa = XCConfigurationList;
			buildConfigurations = (
				9450948F2FAD97B40085ACCB /* Debug */,
				945094902FAD97B40085ACCB /* Release */,
			);
			defaultConfigurationIsVisible = 0;
			defaultConfigurationName = Release;
		};
		945094912FAD97B40085ACCB /* Build configuration list for PBXNativeTarget "Toru CLITests" */ = {
			isa = XCConfigurationList;
			buildConfigurations = (
				945094922FAD97B40085ACCB /* Debug */,
				945094932FAD97B40085ACCB /* Release */,
			);
			defaultConfigurationIsVisible = 0;
			defaultConfigurationName = Release;
		};
		945094942FAD97B40085ACCB /* Build configuration list for PBXNativeTarget "Toru CLIUITests" */ = {
			isa = XCConfigurationList;
			buildConfigurations = (
				945094952FAD97B40085ACCB /* Debug */,
				945094962FAD97B40085ACCB /* Release */,
			);
			defaultConfigurationIsVisible = 0;
			defaultConfigurationName = Release;
		};
/* End XCConfigurationList section */
	};
	rootObject = 945094642FAD97B20085ACCB /* Project object */;
}
